
Microsoft Visual Studio Solution File, Format Version 12.00
# Visual Studio Version 17
VisualStudioVersion = 17.0.31903.59
MinimumVisualStudioVersion = 10.0.40219.1
Project("{9A19103F-16F7-4668-BE54-9A1E7A4F7556}") = "Tyuiu.StoletovNA.Sprint4.Task0.V2.Lib", "Tyuiu.StoletovNA.Sprint4.Task0.V2.Lib\Tyuiu.StoletovNA.Sprint4.Task0.V2.Lib.csproj", "{F10D366F-343F-4ECD-A16F-AD0DA0D02550}"
EndProject
Project("{9A19103F-16F7-4668-BE54-9A1E7A4F7556}") = "Tyuiu.StoletovNA.Sprint4.Task0.V2", "Tyuiu.StoletovNA.Sprint4.Task0.V2\Tyuiu.StoletovNA.Sprint4.Task0.V2.csproj", "{A1890E93-D940-444B-B8C2-7424870D7476}"
EndProject
Project("{9A19103F-16F7-4668-BE54-9A1E7A4F7556}") = "Tyuiu.StoletovNA.Sprint4.Task0.V2.Test", "Tyuiu.StoletovNA.Sprint4.Task0.V2.Test\Tyuiu.StoletovNA.Sprint4.Task0.V2.Test.csproj", "{9358881A-44F2-482F-9837-CCF7CFD70000}"
EndProject
Project("{2150E333-8FDC-42A3-9474-1A3956D46DE8}") = "Task0", "Task0", "{40A7BB1E-2CD9-4DFB-B9E3-AAF945CDA344}"
EndProject
Project("{9A19103F-16F7-4668-BE54-9A1E7A4F7556}") = "Tyuiu.StoletovNA.Sprint4.Task1.V13.Lib", "Tyuiu.StoletovNA.Sprint4.Task1.V13.Lib\Tyuiu.StoletovNA.Sprint4.Task1.V13.Lib.csproj", "{9C2EA375-0075-48E0-89A9-FB00C4BA5A1A}"
EndProject
Project("{9A19103F-16F7-4668-BE54-9A1E7A4F7556}") = "Tyuiu.StoletovNA.Sprint4.Task1.V13", "Tyuiu.StoletovNA.Sprint4.Task1.V13\Tyuiu.StoletovNA.Sprint4.Task1.V13.csproj", "{A5E9601C-68E1-4FAC-A0E9-788575C0CA6B}"
EndProject
Project("{9A19103F-16F7-4668-BE54-9A1E7A4F7556}") = "Tyuiu.StoletovNA.Sprint4.Task1.V13.Test", "Tyuiu.StoletovNA.Sprint4.Task1.V13.Test\Tyuiu.StoletovNA.Sprint4.Task1.V13.Test.csproj", "{28EFD75D-E824-4278-BE25-2754651945A5}"
EndProject
Project("{2150E333-8FDC-42A3-9474-1A3956D46DE8}") = "Task1", "Task1", "{95A27500-00B6-45EC-B76B-1F1DB5A4A6B4}"
EndProject
Global
	GlobalSection(SolutionConfigurationPlatforms) = preSolution
		Debug|Any CPU = Debug|Any CPU
		Release|Any CPU = Release|Any CPU
	EndGlobalSection
	GlobalSection(ProjectConfigurationPlatforms) = postSolution
		{F10D366F-343F-4ECD-A16F-AD0DA0D02550}.Debug|Any CPU.ActiveCfg = Debug|Any CPU
		{F10D366F-343F-4ECD-A16F-AD0DA0D02550}.Debug|Any CPU.Build.0 = Debug|Any CPU
		{F10D366F-343F-4ECD-A16F-AD0DA0D02550}.Release|Any CPU.ActiveCfg = Release|Any CPU
		{F10D366F-343F-4ECD-A16F-AD0DA0D02550}.Release|Any CPU.Build.0 = Release|Any CPU
		{A1890E93-D940-444B-B8C2-7424870D7476}.Debug|Any CPU.ActiveCfg = Debug|Any CPU
		{A1890E93-D940-444B-B8C2-7424870D7476}.Debug|Any CPU.Build.0 = Debug|Any CPU
		{A1890E93-D940-444B-B8C2-7424870D7476}.Release|Any CPU.ActiveCfg = Release|Any CPU
		{A1890E93-D940-444B-B8C2-7424870D7476}.Release|Any CPU.Build.0 = Release|Any CPU
		{9358881A-44F2-482F-9837-CCF7CFD70000}.Debug|Any CPU.ActiveCfg = Debug|Any CPU
		{9358881A-44F2-482F-9837-CCF7CFD70000}.Debug|Any CPU.Build.0 = Debug|Any CPU
		{9358881A-44F2-482F-9837-CCF7CFD70000}.Release|Any CPU.ActiveCfg = Release|Any CPU
		{9358881A-44F2-482F-9837-CCF7CFD70000}.Release|Any CPU.Build.0 = Release|Any CPU
		{9C2EA375-0075-48E0-89A9-FB00C4BA5A1A}.Debug|Any CPU.ActiveCfg = Debug|Any CPU
		{9C2EA375-0075-48E0-89A9-FB00C4BA5A1A}.Debug|Any CPU.Build.0 = Debug|Any CPU
		{9C2EA375-0075-48E0-89A9-FB00C4BA5A1A}.Release|Any CPU.ActiveCfg = Release|Any CPU
		{9C2EA375-0075-48E0-89A9-FB00C4BA5A1A}.Release|Any CPU.Build.0 = Release|Any CPU
		{A5E9601C-68E1-4FAC-A0E9-788575C0CA6B}.Debug|Any CPU.ActiveCfg = Debug|Any CPU
		{A5E9601C-68E1-4FAC-A0E9-788575C0CA6B}.Debug|Any CPU.Build.0 = Debug|Any CPU
		{A5E9601C-68E1-4FAC-A0E9-788575C0CA6B}.Release|Any CPU.ActiveCfg = Release|Any CPU
		{A5E9601C-68E1-4FAC-A0E9-788575C0CA6B}.Release|Any CPU.Build.0 = Release|Any CPU
		{28EFD75D-E824-4278-BE25-2754651945A5}.Debug|Any CPU.ActiveCfg = Debug|Any CPU
		{28EFD75D-E824-4278-BE25-2754651945A5}.Debug|Any CPU.Build.0 = Debug|Any CPU
		{28EFD75D-E824-4278-BE25-2754651945A5}.Release|Any CPU.ActiveCfg = Release|Any CPU
		{28EFD75D-E824-4278-BE25-2754651945A5}.Release|Any CPU.Build.0 = Release|Any CPU
	EndGlobalSection
	GlobalSection(SolutionProperties) = preSolution
		HideSolutionNode = FALSE
	EndGlobalSection
	GlobalSection(NestedProjects) = preSolution
		{F10D366F-343F-4ECD-A16F-AD0DA0D02550} = {40A7BB1E-2CD9-4DFB-B9E3-AAF945CDA344}
		{A1890E93-D940-444B-B8C2-7424870D7476} = {40A7BB1E-2CD9-4DFB-B9E3-AAF945CDA344}
		{9358881A-44F2-482F-9837-CCF7CFD70000} = {40A7BB1E-2CD9-4DFB-B9E3-AAF945CDA344}
		{9C2EA375-0075-48E0-89A9-FB00C4BA5A1A} = {95A27500-00B6-45EC-B76B-1F1DB5A4A6B4}
		{A5E9601C-68E1-4FAC-A0E9-788575C0CA6B} = {95A27500-00B6-45EC-B76B-1F1DB5A4A6B4}
		{28EFD75D-E824-4278-BE25-2754651945A5} = {95A27500-00B6-45EC-B76B-1F1DB5A4A6B4}
	EndGlobalSection
	GlobalSection(ExtensibilityGlobals) = postSolution
		SolutionGuid = {C84341EB-C5E2-4B30-A582-2ECDFA8520B3}
	EndGlobalSection
EndGlobal
