
Microsoft Visual Studio Solution File, Format Version 12.00
# Visual Studio Version 17
VisualStudioVersion = 17.0.31903.59
MinimumVisualStudioVersion = 10.0.40219.1
Project("{9A19103F-16F7-4668-BE54-9A1E7A4F7556}") = "Tyuiu.StoletovNA.Sprint4.Task0.V2.Lib", "Tyuiu.StoletovNA.Sprint4.Task0.V2.Lib\Tyuiu.StoletovNA.Sprint4.Task0.V2.Lib.csproj", "{F10D366F-343F-4ECD-A16F-AD0DA0D02550}"
EndProject
Project("{9A19103F-16F7-4668-BE54-9A1E7A4F7556}") = "Tyuiu.StoletovNA.Sprint4.Task0.V2", "Tyuiu.StoletovNA.Sprint4.Task0.V2\Tyuiu.StoletovNA.Sprint4.Task0.V2.csproj", "{A1890E93-D940-444B-B8C2-7424870D7476}"
EndProject
Project("{9A19103F-16F7-4668-BE54-9A1E7A4F7556}") = "Tyuiu.StoletovNA.Sprint4.Task0.V2.Test", "Tyuiu.StoletovNA.Sprint4.Task0.V2.Test\Tyuiu.StoletovNA.Sprint4.Task0.V2.Test.csproj", "{9358881A-44F2-482F-9837-CCF7CFD70000}"
EndProject
Project("{2150E333-8FDC-42A3-9474-1A3956D46DE8}") = "Task0", "Task0", "{40A7BB1E-2CD9-4DFB-B9E3-AAF945CDA344}"
EndProject
Project("{9A19103F-16F7-4668-BE54-9A1E7A4F7556}") = "Tyuiu.StoletovNA.Sprint4.Task1.V13.Lib", "Tyuiu.StoletovNA.Sprint4.Task1.V13.Lib\Tyuiu.StoletovNA.Sprint4.Task1.V13.Lib.csproj", "{9C2EA375-0075-48E0-89A9-FB00C4BA5A1A}"
EndProject
Project("{9A19103F-16F7-4668-BE54-9A1E7A4F7556}") = "Tyuiu.StoletovNA.Sprint4.Task1.V13", "Tyuiu.StoletovNA.Sprint4.Task1.V13\Tyuiu.StoletovNA.Sprint4.Task1.V13.csproj", "{A5E9601C-68E1-4FAC-A0E9-788575C0CA6B}"
EndProject
Project("{9A19103F-16F7-4668-BE54-9A1E7A4F7556}") = "Tyuiu.StoletovNA.Sprint4.Task1.V13.Test", "Tyuiu.StoletovNA.Sprint4.Task1.V13.Test\Tyuiu.StoletovNA.Sprint4.Task1.V13.Test.csproj", "{28EFD75D-E824-4278-BE25-2754651945A5}"
EndProject
Project("{2150E333-8FDC-42A3-9474-1A3956D46DE8}") = "Task1", "Task1", "{95A27500-00B6-45EC-B76B-1F1DB5A4A6B4}"
EndProject
Project("{9A19103F-16F7-4668-BE54-9A1E7A4F7556}") = "Tyuiu.StoletovNA.Sprint4.Task2.V30.Lib", "Tyuiu.StoletovNA.Sprint4.Task2.V30.Lib\Tyuiu.StoletovNA.Sprint4.Task2.V30.Lib.csproj", "{5F903ED5-C30F-487F-8120-18F44B7B53A1}"
EndProject
Project("{9A19103F-16F7-4668-BE54-9A1E7A4F7556}") = "Tyuiu.StoletovNA.Sprint4.Task2.V30", "Tyuiu.StoletovNA.Sprint4.Task2.V30\Tyuiu.StoletovNA.Sprint4.Task2.V30.csproj", "{4ED9EDED-F1B7-4370-AAD5-3884A73455C9}"
EndProject
Project("{9A19103F-16F7-4668-BE54-9A1E7A4F7556}") = "Tyuiu.StoletovNA.Sprint4.Task2.V30.Test", "Tyuiu.StoletovNA.Sprint4.Task2.V30.Test\Tyuiu.StoletovNA.Sprint4.Task2.V30.Test.csproj", "{4ADA62DF-39F9-426C-8391-424A1C6A8B92}"
EndProject
Project("{2150E333-8FDC-42A3-9474-1A3956D46DE8}") = "Task2", "Task2", "{0CE608AB-C69B-4EC8-A296-FD84AA7FD6DA}"
EndProject
Project("{9A19103F-16F7-4668-BE54-9A1E7A4F7556}") = "Tyuiu.StoletovNA.Sprint4.Task3.V9.Lib", "Tyuiu.StoletovNA.Sprint4.Task3.V9.Lib\Tyuiu.StoletovNA.Sprint4.Task3.V9.Lib.csproj", "{03F821C3-F481-46DE-93A7-BC9DB84425A7}"
EndProject
Project("{9A19103F-16F7-4668-BE54-9A1E7A4F7556}") = "Tyuiu.StoletovNA.Sprint4.Task3.V9", "Tyuiu.StoletovNA.Sprint4.Task3.V9\Tyuiu.StoletovNA.Sprint4.Task3.V9.csproj", "{CEC3E31D-5AC7-46FB-A459-B94E17BDB082}"
EndProject
Project("{9A19103F-16F7-4668-BE54-9A1E7A4F7556}") = "Tyuiu.StoletovNA.Sprint4.Task3.V9.Test", "Tyuiu.StoletovNA.Sprint4.Task3.V9.Test\Tyuiu.StoletovNA.Sprint4.Task3.V9.Test.csproj", "{A87D36B3-3326-4C51-A069-999DA7E33A47}"
EndProject
Project("{2150E333-8FDC-42A3-9474-1A3956D46DE8}") = "Task3", "Task3", "{F18217BF-3E0B-4ACC-B553-1761B067BE69}"
EndProject
Project("{9A19103F-16F7-4668-BE54-9A1E7A4F7556}") = "Tyuiu.StoletovNA.Sprint4.Task4.V24.Lib", "Tyuiu.StoletovNA.Sprint4.Task4.V24.Lib\Tyuiu.StoletovNA.Sprint4.Task4.V24.Lib.csproj", "{D758EF88-1A7D-4ED5-9D87-4EE4F9DBA4F1}"
EndProject
Project("{9A19103F-16F7-4668-BE54-9A1E7A4F7556}") = "Tyuiu.StoletovNA.Sprint4.Task4.V24", "Tyuiu.StoletovNA.Sprint4.Task4.V24\Tyuiu.StoletovNA.Sprint4.Task4.V24.csproj", "{A40F7B24-5917-49E9-8915-D69E745AF33E}"
EndProject
Project("{9A19103F-16F7-4668-BE54-9A1E7A4F7556}") = "Tyuiu.StoletovNA.Sprint4.Task4.V24.Test", "Tyuiu.StoletovNA.Sprint4.Task4.V24.Test\Tyuiu.StoletovNA.Sprint4.Task4.V24.Test.csproj", "{BF0AB58B-1CCA-4774-9BD1-DAA3EDBEB049}"
EndProject
Project("{2150E333-8FDC-42A3-9474-1A3956D46DE8}") = "Task4", "Task4", "{98A99234-E3E7-47C8-89F1-08F546259DCF}"
EndProject
Global
	GlobalSection(SolutionConfigurationPlatforms) = preSolution
		Debug|Any CPU = Debug|Any CPU
		Release|Any CPU = Release|Any CPU
	EndGlobalSection
	GlobalSection(ProjectConfigurationPlatforms) = postSolution
		{F10D366F-343F-4ECD-A16F-AD0DA0D02550}.Debug|Any CPU.ActiveCfg = Debug|Any CPU
		{F10D366F-343F-4ECD-A16F-AD0DA0D02550}.Debug|Any CPU.Build.0 = Debug|Any CPU
		{F10D366F-343F-4ECD-A16F-AD0DA0D02550}.Release|Any CPU.ActiveCfg = Release|Any CPU
		{F10D366F-343F-4ECD-A16F-AD0DA0D02550}.Release|Any CPU.Build.0 = Release|Any CPU
		{A1890E93-D940-444B-B8C2-7424870D7476}.Debug|Any CPU.ActiveCfg = Debug|Any CPU
		{A1890E93-D940-444B-B8C2-7424870D7476}.Debug|Any CPU.Build.0 = Debug|Any CPU
		{A1890E93-D940-444B-B8C2-7424870D7476}.Release|Any CPU.ActiveCfg = Release|Any CPU
		{A1890E93-D940-444B-B8C2-7424870D7476}.Release|Any CPU.Build.0 = Release|Any CPU
		{9358881A-44F2-482F-9837-CCF7CFD70000}.Debug|Any CPU.ActiveCfg = Debug|Any CPU
		{9358881A-44F2-482F-9837-CCF7CFD70000}.Debug|Any CPU.Build.0 = Debug|Any CPU
		{9358881A-44F2-482F-9837-CCF7CFD70000}.Release|Any CPU.ActiveCfg = Release|Any CPU
		{9358881A-44F2-482F-9837-CCF7CFD70000}.Release|Any CPU.Build.0 = Release|Any CPU
		{9C2EA375-0075-48E0-89A9-FB00C4BA5A1A}.Debug|Any CPU.ActiveCfg = Debug|Any CPU
		{9C2EA375-0075-48E0-89A9-FB00C4BA5A1A}.Debug|Any CPU.Build.0 = Debug|Any CPU
		{9C2EA375-0075-48E0-89A9-FB00C4BA5A1A}.Release|Any CPU.ActiveCfg = Release|Any CPU
		{9C2EA375-0075-48E0-89A9-FB00C4BA5A1A}.Release|Any CPU.Build.0 = Release|Any CPU
		{A5E9601C-68E1-4FAC-A0E9-788575C0CA6B}.Debug|Any CPU.ActiveCfg = Debug|Any CPU
		{A5E9601C-68E1-4FAC-A0E9-788575C0CA6B}.Debug|Any CPU.Build.0 = Debug|Any CPU
		{A5E9601C-68E1-4FAC-A0E9-788575C0CA6B}.Release|Any CPU.ActiveCfg = Release|Any CPU
		{A5E9601C-68E1-4FAC-A0E9-788575C0CA6B}.Release|Any CPU.Build.0 = Release|Any CPU
		{28EFD75D-E824-4278-BE25-2754651945A5}.Debug|Any CPU.ActiveCfg = Debug|Any CPU
		{28EFD75D-E824-4278-BE25-2754651945A5}.Debug|Any CPU.Build.0 = Debug|Any CPU
		{28EFD75D-E824-4278-BE25-2754651945A5}.Release|Any CPU.ActiveCfg = Release|Any CPU
		{28EFD75D-E824-4278-BE25-2754651945A5}.Release|Any CPU.Build.0 = Release|Any CPU
		{5F903ED5-C30F-487F-8120-18F44B7B53A1}.Debug|Any CPU.ActiveCfg = Debug|Any CPU
		{5F903ED5-C30F-487F-8120-18F44B7B53A1}.Debug|Any CPU.Build.0 = Debug|Any CPU
		{5F903ED5-C30F-487F-8120-18F44B7B53A1}.Release|Any CPU.ActiveCfg = Release|Any CPU
		{5F903ED5-C30F-487F-8120-18F44B7B53A1}.Release|Any CPU.Build.0 = Release|Any CPU
		{4ED9EDED-F1B7-4370-AAD5-3884A73455C9}.Debug|Any CPU.ActiveCfg = Debug|Any CPU
		{4ED9EDED-F1B7-4370-AAD5-3884A73455C9}.Debug|Any CPU.Build.0 = Debug|Any CPU
		{4ED9EDED-F1B7-4370-AAD5-3884A73455C9}.Release|Any CPU.ActiveCfg = Release|Any CPU
		{4ED9EDED-F1B7-4370-AAD5-3884A73455C9}.Release|Any CPU.Build.0 = Release|Any CPU
		{4ADA62DF-39F9-426C-8391-424A1C6A8B92}.Debug|Any CPU.ActiveCfg = Debug|Any CPU
		{4ADA62DF-39F9-426C-8391-424A1C6A8B92}.Debug|Any CPU.Build.0 = Debug|Any CPU
		{4ADA62DF-39F9-426C-8391-424A1C6A8B92}.Release|Any CPU.ActiveCfg = Release|Any CPU
		{4ADA62DF-39F9-426C-8391-424A1C6A8B92}.Release|Any CPU.Build.0 = Release|Any CPU
		{03F821C3-F481-46DE-93A7-BC9DB84425A7}.Debug|Any CPU.ActiveCfg = Debug|Any CPU
		{03F821C3-F481-46DE-93A7-BC9DB84425A7}.Debug|Any CPU.Build.0 = Debug|Any CPU
		{03F821C3-F481-46DE-93A7-BC9DB84425A7}.Release|Any CPU.ActiveCfg = Release|Any CPU
		{03F821C3-F481-46DE-93A7-BC9DB84425A7}.Release|Any CPU.Build.0 = Release|Any CPU
		{CEC3E31D-5AC7-46FB-A459-B94E17BDB082}.Debug|Any CPU.ActiveCfg = Debug|Any CPU
		{CEC3E31D-5AC7-46FB-A459-B94E17BDB082}.Debug|Any CPU.Build.0 = Debug|Any CPU
		{CEC3E31D-5AC7-46FB-A459-B94E17BDB082}.Release|Any CPU.ActiveCfg = Release|Any CPU
		{CEC3E31D-5AC7-46FB-A459-B94E17BDB082}.Release|Any CPU.Build.0 = Release|Any CPU
		{A87D36B3-3326-4C51-A069-999DA7E33A47}.Debug|Any CPU.ActiveCfg = Debug|Any CPU
		{A87D36B3-3326-4C51-A069-999DA7E33A47}.Debug|Any CPU.Build.0 = Debug|Any CPU
		{A87D36B3-3326-4C51-A069-999DA7E33A47}.Release|Any CPU.ActiveCfg = Release|Any CPU
		{A87D36B3-3326-4C51-A069-999DA7E33A47}.Release|Any CPU.Build.0 = Release|Any CPU
		{D758EF88-1A7D-4ED5-9D87-4EE4F9DBA4F1}.Debug|Any CPU.ActiveCfg = Debug|Any CPU
		{D758EF88-1A7D-4ED5-9D87-4EE4F9DBA4F1}.Debug|Any CPU.Build.0 = Debug|Any CPU
		{D758EF88-1A7D-4ED5-9D87-4EE4F9DBA4F1}.Release|Any CPU.ActiveCfg = Release|Any CPU
		{D758EF88-1A7D-4ED5-9D87-4EE4F9DBA4F1}.Release|Any CPU.Build.0 = Release|Any CPU
		{A40F7B24-5917-49E9-8915-D69E745AF33E}.Debug|Any CPU.ActiveCfg = Debug|Any CPU
		{A40F7B24-5917-49E9-8915-D69E745AF33E}.Debug|Any CPU.Build.0 = Debug|Any CPU
		{A40F7B24-5917-49E9-8915-D69E745AF33E}.Release|Any CPU.ActiveCfg = Release|Any CPU
		{A40F7B24-5917-49E9-8915-D69E745AF33E}.Release|Any CPU.Build.0 = Release|Any CPU
		{BF0AB58B-1CCA-4774-9BD1-DAA3EDBEB049}.Debug|Any CPU.ActiveCfg = Debug|Any CPU
		{BF0AB58B-1CCA-4774-9BD1-DAA3EDBEB049}.Debug|Any CPU.Build.0 = Debug|Any CPU
		{BF0AB58B-1CCA-4774-9BD1-DAA3EDBEB049}.Release|Any CPU.ActiveCfg = Release|Any CPU
		{BF0AB58B-1CCA-4774-9BD1-DAA3EDBEB049}.Release|Any CPU.Build.0 = Release|Any CPU
	EndGlobalSection
	GlobalSection(SolutionProperties) = preSolution
		HideSolutionNode = FALSE
	EndGlobalSection
	GlobalSection(NestedProjects) = preSolution
		{F10D366F-343F-4ECD-A16F-AD0DA0D02550} = {40A7BB1E-2CD9-4DFB-B9E3-AAF945CDA344}
		{A1890E93-D940-444B-B8C2-7424870D7476} = {40A7BB1E-2CD9-4DFB-B9E3-AAF945CDA344}
		{9358881A-44F2-482F-9837-CCF7CFD70000} = {40A7BB1E-2CD9-4DFB-B9E3-AAF945CDA344}
		{9C2EA375-0075-48E0-89A9-FB00C4BA5A1A} = {95A27500-00B6-45EC-B76B-1F1DB5A4A6B4}
		{A5E9601C-68E1-4FAC-A0E9-788575C0CA6B} = {95A27500-00B6-45EC-B76B-1F1DB5A4A6B4}
		{28EFD75D-E824-4278-BE25-2754651945A5} = {95A27500-00B6-45EC-B76B-1F1DB5A4A6B4}
		{5F903ED5-C30F-487F-8120-18F44B7B53A1} = {0CE608AB-C69B-4EC8-A296-FD84AA7FD6DA}
		{4ED9EDED-F1B7-4370-AAD5-3884A73455C9} = {0CE608AB-C69B-4EC8-A296-FD84AA7FD6DA}
		{4ADA62DF-39F9-426C-8391-424A1C6A8B92} = {0CE608AB-C69B-4EC8-A296-FD84AA7FD6DA}
		{03F821C3-F481-46DE-93A7-BC9DB84425A7} = {F18217BF-3E0B-4ACC-B553-1761B067BE69}
		{CEC3E31D-5AC7-46FB-A459-B94E17BDB082} = {F18217BF-3E0B-4ACC-B553-1761B067BE69}
		{A87D36B3-3326-4C51-A069-999DA7E33A47} = {F18217BF-3E0B-4ACC-B553-1761B067BE69}
		{D758EF88-1A7D-4ED5-9D87-4EE4F9DBA4F1} = {98A99234-E3E7-47C8-89F1-08F546259DCF}
		{A40F7B24-5917-49E9-8915-D69E745AF33E} = {98A99234-E3E7-47C8-89F1-08F546259DCF}
		{BF0AB58B-1CCA-4774-9BD1-DAA3EDBEB049} = {98A99234-E3E7-47C8-89F1-08F546259DCF}
	EndGlobalSection
	GlobalSection(ExtensibilityGlobals) = postSolution
		SolutionGuid = {C84341EB-C5E2-4B30-A582-2ECDFA8520B3}
	EndGlobalSection
EndGlobal
